
Microsoft Visual Studio Solution File, Format Version 12.00
# Visual Studio Version 16
VisualStudioVersion = 16.0.30611.23
MinimumVisualStudioVersion = 10.0.40219.1
Project("{6EC3EE1D-3C4E-46DD-8F32-0CC8E7565705}") = "runner", "runner\runner.fsproj", "{B3823760-9265-482E-802B-DA5D6DD19DB5}"
EndProject
Project("{6EC3EE1D-3C4E-46DD-8F32-0CC8E7565705}") = "utility", "utility\utility.fsproj", "{F095C547-F53A-4A79-ACF3-3ED6397B0DAA}"
EndProject
Project("{6EC3EE1D-3C4E-46DD-8F32-0CC8E7565705}") = "polynomial-exercise", "polynomial-exercise\polynomial-exercise.fsproj", "{26B31931-1903-4D25-889B-5E312E651164}"
EndProject
Project("{6EC3EE1D-3C4E-46DD-8F32-0CC8E7565705}") = "book-exercises", "book-exercises\book-exercises.fsproj", "{BC221113-C8BF-4ACB-9FE2-21375B57ECA8}"
EndProject
Project("{6EC3EE1D-3C4E-46DD-8F32-0CC8E7565705}") = "misc-exercises", "misc-exercises\misc-exercises.fsproj", "{1D9DB25B-9E0E-4AB9-A51C-61BB4584311C}"
EndProject
Project("{6EC3EE1D-3C4E-46DD-8F32-0CC8E7565705}") = "simple-company-club-exercise", "simple-company-club-exercise\simple-company-club-exercise.fsproj", "{B24CB454-9A3B-44E6-B5A4-71769657E93D}"
EndProject
Project("{F2A71F9B-5D33-465A-A702-920D77279786}") = "exam-problems", "exam-problems\exam-problems.fsproj", "{A0B713CB-4295-4F1D-AF36-F265F6E0A934}"
EndProject
Project("{FAE04EC0-301F-11D3-BF4B-00C04F79EFBC}") = "polynomial-usage-test", "polynomial-usage-test\polynomial-usage-test.csproj", "{FBC1B4AC-3219-4BD8-89E4-D531FFE5893C}"
EndProject
Global
	GlobalSection(SolutionConfigurationPlatforms) = preSolution
		Debug|Any CPU = Debug|Any CPU
		Release|Any CPU = Release|Any CPU
	EndGlobalSection
	GlobalSection(ProjectConfigurationPlatforms) = postSolution
		{B3823760-9265-482E-802B-DA5D6DD19DB5}.Debug|Any CPU.ActiveCfg = Debug|Any CPU
		{B3823760-9265-482E-802B-DA5D6DD19DB5}.Debug|Any CPU.Build.0 = Debug|Any CPU
		{B3823760-9265-482E-802B-DA5D6DD19DB5}.Release|Any CPU.ActiveCfg = Release|Any CPU
		{B3823760-9265-482E-802B-DA5D6DD19DB5}.Release|Any CPU.Build.0 = Release|Any CPU
		{F095C547-F53A-4A79-ACF3-3ED6397B0DAA}.Debug|Any CPU.ActiveCfg = Debug|Any CPU
		{F095C547-F53A-4A79-ACF3-3ED6397B0DAA}.Debug|Any CPU.Build.0 = Debug|Any CPU
		{F095C547-F53A-4A79-ACF3-3ED6397B0DAA}.Release|Any CPU.ActiveCfg = Release|Any CPU
		{F095C547-F53A-4A79-ACF3-3ED6397B0DAA}.Release|Any CPU.Build.0 = Release|Any CPU
		{26B31931-1903-4D25-889B-5E312E651164}.Debug|Any CPU.ActiveCfg = Debug|Any CPU
		{26B31931-1903-4D25-889B-5E312E651164}.Debug|Any CPU.Build.0 = Debug|Any CPU
		{26B31931-1903-4D25-889B-5E312E651164}.Release|Any CPU.ActiveCfg = Release|Any CPU
		{26B31931-1903-4D25-889B-5E312E651164}.Release|Any CPU.Build.0 = Release|Any CPU
		{BC221113-C8BF-4ACB-9FE2-21375B57ECA8}.Debug|Any CPU.ActiveCfg = Debug|Any CPU
		{BC221113-C8BF-4ACB-9FE2-21375B57ECA8}.Debug|Any CPU.Build.0 = Debug|Any CPU
		{BC221113-C8BF-4ACB-9FE2-21375B57ECA8}.Release|Any CPU.ActiveCfg = Release|Any CPU
		{BC221113-C8BF-4ACB-9FE2-21375B57ECA8}.Release|Any CPU.Build.0 = Release|Any CPU
		{1D9DB25B-9E0E-4AB9-A51C-61BB4584311C}.Debug|Any CPU.ActiveCfg = Debug|Any CPU
		{1D9DB25B-9E0E-4AB9-A51C-61BB4584311C}.Debug|Any CPU.Build.0 = Debug|Any CPU
		{1D9DB25B-9E0E-4AB9-A51C-61BB4584311C}.Release|Any CPU.ActiveCfg = Release|Any CPU
		{1D9DB25B-9E0E-4AB9-A51C-61BB4584311C}.Release|Any CPU.Build.0 = Release|Any CPU
		{B24CB454-9A3B-44E6-B5A4-71769657E93D}.Debug|Any CPU.ActiveCfg = Debug|Any CPU
		{B24CB454-9A3B-44E6-B5A4-71769657E93D}.Debug|Any CPU.Build.0 = Debug|Any CPU
		{B24CB454-9A3B-44E6-B5A4-71769657E93D}.Release|Any CPU.ActiveCfg = Release|Any CPU
		{B24CB454-9A3B-44E6-B5A4-71769657E93D}.Release|Any CPU.Build.0 = Release|Any CPU
		{A0B713CB-4295-4F1D-AF36-F265F6E0A934}.Debug|Any CPU.ActiveCfg = Debug|Any CPU
		{A0B713CB-4295-4F1D-AF36-F265F6E0A934}.Debug|Any CPU.Build.0 = Debug|Any CPU
		{A0B713CB-4295-4F1D-AF36-F265F6E0A934}.Release|Any CPU.ActiveCfg = Release|Any CPU
		{A0B713CB-4295-4F1D-AF36-F265F6E0A934}.Release|Any CPU.Build.0 = Release|Any CPU
		{FBC1B4AC-3219-4BD8-89E4-D531FFE5893C}.Debug|Any CPU.ActiveCfg = Debug|Any CPU
		{FBC1B4AC-3219-4BD8-89E4-D531FFE5893C}.Debug|Any CPU.Build.0 = Debug|Any CPU
		{FBC1B4AC-3219-4BD8-89E4-D531FFE5893C}.Release|Any CPU.ActiveCfg = Release|Any CPU
		{FBC1B4AC-3219-4BD8-89E4-D531FFE5893C}.Release|Any CPU.Build.0 = Release|Any CPU
	EndGlobalSection
	GlobalSection(SolutionProperties) = preSolution
		HideSolutionNode = FALSE
	EndGlobalSection
	GlobalSection(ExtensibilityGlobals) = postSolution
		SolutionGuid = {BCCDD9A3-CA4E-402E-A287-999BBA93418C}
	EndGlobalSection
EndGlobal
